
Microsoft Visual Studio Solution File, Format Version 12.00
# Visual Studio Version 16
VisualStudioVersion = 16.0.29709.97
MinimumVisualStudioVersion = 10.0.40219.1
Project("{FAE04EC0-301F-11D3-BF4B-00C04F79EFBC}") = "leave-managment", "leave-managment\leave-managment.csproj", "{C2A81743-A720-4F2D-A42A-A561D3736B94}"
EndProject
Global
	GlobalSection(SolutionConfigurationPlatforms) = preSolution
		Debug|Any CPU = Debug|Any CPU
		Release|Any CPU = Release|Any CPU
	EndGlobalSection
	GlobalSection(ProjectConfigurationPlatforms) = postSolution
		{C2A81743-A720-4F2D-A42A-A561D3736B94}.Debug|Any CPU.ActiveCfg = Debug|Any CPU
		{C2A81743-A720-4F2D-A42A-A561D3736B94}.Debug|Any CPU.Build.0 = Debug|Any CPU
		{C2A81743-A720-4F2D-A42A-A561D3736B94}.Release|Any CPU.ActiveCfg = Release|Any CPU
		{C2A81743-A720-4F2D-A42A-A561D3736B94}.Release|Any CPU.Build.0 = Release|Any CPU
	EndGlobalSection
	GlobalSection(SolutionProperties) = preSolution
		HideSolutionNode = FALSE
	EndGlobalSection
	GlobalSection(ExtensibilityGlobals) = postSolution
		SolutionGuid = {DC3D2E68-09A0-4F75-87A6-F77C4D0E22C7}
	EndGlobalSection
EndGlobal
